
Microsoft Visual Studio Solution File, Format Version 12.00
# Visual Studio Version 17
VisualStudioVersion = 17.12.35527.113 d17.12
MinimumVisualStudioVersion = 10.0.40219.1
Project("{FAE04EC0-301F-11D3-BF4B-00C04F79EFBC}") = "BlogProject", "BlogProject\BlogProject.csproj", "{37D763E1-8149-415A-98A2-8D6EB2066455}"
EndProject
Global
	GlobalSection(SolutionConfigurationPlatforms) = preSolution
		Debug|Any CPU = Debug|Any CPU
		Release|Any CPU = Release|Any CPU
	EndGlobalSection
	GlobalSection(ProjectConfigurationPlatforms) = postSolution
		{37D763E1-8149-415A-98A2-8D6EB2066455}.Debug|Any CPU.ActiveCfg = Debug|Any CPU
		{37D763E1-8149-415A-98A2-8D6EB2066455}.Debug|Any CPU.Build.0 = Debug|Any CPU
		{37D763E1-8149-415A-98A2-8D6EB2066455}.Release|Any CPU.ActiveCfg = Release|Any CPU
		{37D763E1-8149-415A-98A2-8D6EB2066455}.Release|Any CPU.Build.0 = Release|Any CPU
	EndGlobalSection
	GlobalSection(SolutionProperties) = preSolution
		HideSolutionNode = FALSE
	EndGlobalSection
EndGlobal
